
Microsoft Visual Studio Solution File, Format Version 12.00
# Visual Studio Version 17
VisualStudioVersion = 17.5.33530.505
MinimumVisualStudioVersion = 10.0.40219.1
Project("{FAE04EC0-301F-11D3-BF4B-00C04F79EFBC}") = "AccountingSystem", "AccountingSystem.csproj", "{43FC48A7-5EA8-4288-80A5-DA59404D39BE}"
EndProject
Global
	GlobalSection(SolutionConfigurationPlatforms) = preSolution
		Debug|Any CPU = Debug|Any CPU
		Release|Any CPU = Release|Any CPU
	EndGlobalSection
	GlobalSection(ProjectConfigurationPlatforms) = postSolution
		{43FC48A7-5EA8-4288-80A5-DA59404D39BE}.Debug|Any CPU.ActiveCfg = Debug|Any CPU
		{43FC48A7-5EA8-4288-80A5-DA59404D39BE}.Debug|Any CPU.Build.0 = Debug|Any CPU
		{43FC48A7-5EA8-4288-80A5-DA59404D39BE}.Release|Any CPU.ActiveCfg = Release|Any CPU
		{43FC48A7-5EA8-4288-80A5-DA59404D39BE}.Release|Any CPU.Build.0 = Release|Any CPU
	EndGlobalSection
	GlobalSection(SolutionProperties) = preSolution
		HideSolutionNode = FALSE
	EndGlobalSection
	GlobalSection(ExtensibilityGlobals) = postSolution
		SolutionGuid = {C9AA8857-F7F6-4280-BB63-8766205FF4EC}
	EndGlobalSection
EndGlobal
